
Microsoft Visual Studio Solution File, Format Version 12.00
# Visual Studio 2013
VisualStudioVersion = 12.0.40629.0
MinimumVisualStudioVersion = 10.0.40219.1
Project("{FAE04EC0-301F-11D3-BF4B-00C04F79EFBC}") = "DynamicBomberman", "DynamicBomberman\DynamicBomberman.csproj", "{EB1B18F7-7EB8-4C44-9A11-D46F418D43DC}"
EndProject
Global
	GlobalSection(SolutionConfigurationPlatforms) = preSolution
		Debug|Any CPU = Debug|Any CPU
		Release|Any CPU = Release|Any CPU
	EndGlobalSection
	GlobalSection(ProjectConfigurationPlatforms) = postSolution
		{EB1B18F7-7EB8-4C44-9A11-D46F418D43DC}.Debug|Any CPU.ActiveCfg = Debug|Any CPU
		{EB1B18F7-7EB8-4C44-9A11-D46F418D43DC}.Debug|Any CPU.Build.0 = Debug|Any CPU
		{EB1B18F7-7EB8-4C44-9A11-D46F418D43DC}.Release|Any CPU.ActiveCfg = Release|Any CPU
		{EB1B18F7-7EB8-4C44-9A11-D46F418D43DC}.Release|Any CPU.Build.0 = Release|Any CPU
	EndGlobalSection
	GlobalSection(SolutionProperties) = preSolution
		HideSolutionNode = FALSE
	EndGlobalSection
EndGlobal
